
Microsoft Visual Studio Solution File, Format Version 12.00
# Visual Studio Version 17
VisualStudioVersion = 17.13.35806.99
MinimumVisualStudioVersion = 10.0.40219.1
Project("{FAE04EC0-301F-11D3-BF4B-00C04F79EFBC}") = "ProtocolUnitTests", "ProtocolUnitTests\ProtocolUnitTests.csproj", "{1EB58253-3982-4349-9EF5-37CF8696D9B7}"
EndProject
Project("{FAE04EC0-301F-11D3-BF4B-00C04F79EFBC}") = "Tcp", "Tcp\Tcp.csproj", "{6B5D42EE-7D3E-4323-97EB-A92E260D34A6}"
EndProject
Project("{FAE04EC0-301F-11D3-BF4B-00C04F79EFBC}") = "Kozubenko", "Kozubenko\Kozubenko.csproj", "{ED61A159-EA6C-4890-8A7F-5B1185873779}"
EndProject
Project("{FAE04EC0-301F-11D3-BF4B-00C04F79EFBC}") = "Sqlite", "Sqlite\Sqlite.csproj", "{F4F4BC3A-75FE-4CF3-86FF-F92AF0EAF0B6}"
EndProject
Project("{FAE04EC0-301F-11D3-BF4B-00C04F79EFBC}") = "Azure", "Azure\Azure.csproj", "{518FF8D5-F7A9-483F-BFC4-3252E1F3BBB8}"
EndProject
Project("{FAE04EC0-301F-11D3-BF4B-00C04F79EFBC}") = "Test", "Test\Test.csproj", "{9521173E-2127-4B04-86B8-4BCC8AC6FF0C}"
EndProject
Global
	GlobalSection(SolutionConfigurationPlatforms) = preSolution
		Debug|Any CPU = Debug|Any CPU
		Release|Any CPU = Release|Any CPU
	EndGlobalSection
	GlobalSection(ProjectConfigurationPlatforms) = postSolution
		{1EB58253-3982-4349-9EF5-37CF8696D9B7}.Debug|Any CPU.ActiveCfg = Debug|Any CPU
		{1EB58253-3982-4349-9EF5-37CF8696D9B7}.Debug|Any CPU.Build.0 = Debug|Any CPU
		{1EB58253-3982-4349-9EF5-37CF8696D9B7}.Release|Any CPU.ActiveCfg = Release|Any CPU
		{1EB58253-3982-4349-9EF5-37CF8696D9B7}.Release|Any CPU.Build.0 = Release|Any CPU
		{6B5D42EE-7D3E-4323-97EB-A92E260D34A6}.Debug|Any CPU.ActiveCfg = Debug|Any CPU
		{6B5D42EE-7D3E-4323-97EB-A92E260D34A6}.Debug|Any CPU.Build.0 = Debug|Any CPU
		{6B5D42EE-7D3E-4323-97EB-A92E260D34A6}.Release|Any CPU.ActiveCfg = Release|Any CPU
		{6B5D42EE-7D3E-4323-97EB-A92E260D34A6}.Release|Any CPU.Build.0 = Release|Any CPU
		{ED61A159-EA6C-4890-8A7F-5B1185873779}.Debug|Any CPU.ActiveCfg = Debug|Any CPU
		{ED61A159-EA6C-4890-8A7F-5B1185873779}.Debug|Any CPU.Build.0 = Debug|Any CPU
		{ED61A159-EA6C-4890-8A7F-5B1185873779}.Release|Any CPU.ActiveCfg = Release|Any CPU
		{ED61A159-EA6C-4890-8A7F-5B1185873779}.Release|Any CPU.Build.0 = Release|Any CPU
		{F4F4BC3A-75FE-4CF3-86FF-F92AF0EAF0B6}.Debug|Any CPU.ActiveCfg = Debug|Any CPU
		{F4F4BC3A-75FE-4CF3-86FF-F92AF0EAF0B6}.Debug|Any CPU.Build.0 = Debug|Any CPU
		{F4F4BC3A-75FE-4CF3-86FF-F92AF0EAF0B6}.Release|Any CPU.ActiveCfg = Release|Any CPU
		{F4F4BC3A-75FE-4CF3-86FF-F92AF0EAF0B6}.Release|Any CPU.Build.0 = Release|Any CPU
		{518FF8D5-F7A9-483F-BFC4-3252E1F3BBB8}.Debug|Any CPU.ActiveCfg = Debug|Any CPU
		{518FF8D5-F7A9-483F-BFC4-3252E1F3BBB8}.Debug|Any CPU.Build.0 = Debug|Any CPU
		{518FF8D5-F7A9-483F-BFC4-3252E1F3BBB8}.Release|Any CPU.ActiveCfg = Release|Any CPU
		{518FF8D5-F7A9-483F-BFC4-3252E1F3BBB8}.Release|Any CPU.Build.0 = Release|Any CPU
		{9521173E-2127-4B04-86B8-4BCC8AC6FF0C}.Debug|Any CPU.ActiveCfg = Debug|Any CPU
		{9521173E-2127-4B04-86B8-4BCC8AC6FF0C}.Debug|Any CPU.Build.0 = Debug|Any CPU
		{9521173E-2127-4B04-86B8-4BCC8AC6FF0C}.Release|Any CPU.ActiveCfg = Release|Any CPU
		{9521173E-2127-4B04-86B8-4BCC8AC6FF0C}.Release|Any CPU.Build.0 = Release|Any CPU
	EndGlobalSection
	GlobalSection(SolutionProperties) = preSolution
		HideSolutionNode = FALSE
	EndGlobalSection
	GlobalSection(ExtensibilityGlobals) = postSolution
		SolutionGuid = {FD0C04AB-8F4D-432F-91C8-CA7A136F9E2B}
	EndGlobalSection
EndGlobal
